
Microsoft Visual Studio Solution File, Format Version 12.00
# Visual Studio 15
VisualStudioVersion = 15.0.28307.1022
MinimumVisualStudioVersion = 10.0.40219.1
Project("{FAE04EC0-301F-11D3-BF4B-00C04F79EFBC}") = "Payer", "Payer\Payer.csproj", "{4BE7522A-6A27-4970-9129-54E14EE33A66}"
EndProject
Global
	GlobalSection(SolutionConfigurationPlatforms) = preSolution
		Debug|Any CPU = Debug|Any CPU
		Release|Any CPU = Release|Any CPU
	EndGlobalSection
	GlobalSection(ProjectConfigurationPlatforms) = postSolution
		{4BE7522A-6A27-4970-9129-54E14EE33A66}.Debug|Any CPU.ActiveCfg = Debug|Any CPU
		{4BE7522A-6A27-4970-9129-54E14EE33A66}.Debug|Any CPU.Build.0 = Debug|Any CPU
		{4BE7522A-6A27-4970-9129-54E14EE33A66}.Release|Any CPU.ActiveCfg = Release|Any CPU
		{4BE7522A-6A27-4970-9129-54E14EE33A66}.Release|Any CPU.Build.0 = Release|Any CPU
	EndGlobalSection
	GlobalSection(SolutionProperties) = preSolution
		HideSolutionNode = FALSE
	EndGlobalSection
	GlobalSection(ExtensibilityGlobals) = postSolution
		SolutionGuid = {773BD2F4-5CAF-4E20-879B-70807AE9ECF3}
	EndGlobalSection
EndGlobal
